
Microsoft Visual Studio Solution File, Format Version 12.00
# Visual Studio Version 16
VisualStudioVersion = 16.0.28803.202
MinimumVisualStudioVersion = 10.0.40219.1
Project("{9A19103F-16F7-4668-BE54-9A1E7A4F7556}") = "Mango.Core", "Mango.Core\Mango.Core.csproj", "{49A18319-4F02-4223-9647-C3A0440F90B4}"
EndProject
Project("{9A19103F-16F7-4668-BE54-9A1E7A4F7556}") = "Mango.Web", "Mango.Web\Mango.Web.csproj", "{7583620B-EB23-4BF4-899B-7355B4EBD5E3}"
EndProject
Global
	GlobalSection(SolutionConfigurationPlatforms) = preSolution
		Debug|Any CPU = Debug|Any CPU
		Release|Any CPU = Release|Any CPU
	EndGlobalSection
	GlobalSection(ProjectConfigurationPlatforms) = postSolution
		{49A18319-4F02-4223-9647-C3A0440F90B4}.Debug|Any CPU.ActiveCfg = Debug|Any CPU
		{49A18319-4F02-4223-9647-C3A0440F90B4}.Debug|Any CPU.Build.0 = Debug|Any CPU
		{49A18319-4F02-4223-9647-C3A0440F90B4}.Release|Any CPU.ActiveCfg = Release|Any CPU
		{49A18319-4F02-4223-9647-C3A0440F90B4}.Release|Any CPU.Build.0 = Release|Any CPU
		{7583620B-EB23-4BF4-899B-7355B4EBD5E3}.Debug|Any CPU.ActiveCfg = Debug|Any CPU
		{7583620B-EB23-4BF4-899B-7355B4EBD5E3}.Debug|Any CPU.Build.0 = Debug|Any CPU
		{7583620B-EB23-4BF4-899B-7355B4EBD5E3}.Release|Any CPU.ActiveCfg = Release|Any CPU
		{7583620B-EB23-4BF4-899B-7355B4EBD5E3}.Release|Any CPU.Build.0 = Release|Any CPU
	EndGlobalSection
	GlobalSection(SolutionProperties) = preSolution
		HideSolutionNode = FALSE
	EndGlobalSection
	GlobalSection(ExtensibilityGlobals) = postSolution
		SolutionGuid = {44053EAB-C3F4-4DDC-A641-73B90D2E1949}
	EndGlobalSection
EndGlobal
